
Microsoft Visual Studio Solution File, Format Version 12.00
# Visual Studio Version 17
VisualStudioVersion = 17.6.33829.357
MinimumVisualStudioVersion = 10.0.40219.1
Project("{FAE04EC0-301F-11D3-BF4B-00C04F79EFBC}") = "LicensingRetrieval", "LicensingRetrieval\LicensingRetrieval.csproj", "{697A5475-9B36-4F49-8E88-3AED998C9830}"
EndProject
Global
	GlobalSection(SolutionConfigurationPlatforms) = preSolution
		Debug|Any CPU = Debug|Any CPU
		Release|Any CPU = Release|Any CPU
	EndGlobalSection
	GlobalSection(ProjectConfigurationPlatforms) = postSolution
		{697A5475-9B36-4F49-8E88-3AED998C9830}.Debug|Any CPU.ActiveCfg = Debug|Any CPU
		{697A5475-9B36-4F49-8E88-3AED998C9830}.Debug|Any CPU.Build.0 = Debug|Any CPU
		{697A5475-9B36-4F49-8E88-3AED998C9830}.Release|Any CPU.ActiveCfg = Release|Any CPU
		{697A5475-9B36-4F49-8E88-3AED998C9830}.Release|Any CPU.Build.0 = Release|Any CPU
	EndGlobalSection
	GlobalSection(SolutionProperties) = preSolution
		HideSolutionNode = FALSE
	EndGlobalSection
	GlobalSection(ExtensibilityGlobals) = postSolution
		SolutionGuid = {38129ECC-E2E6-4E13-B8FD-0B035B87EC64}
	EndGlobalSection
EndGlobal
